{
  "object": {
    "pins": [
      {
        "package": "Codextended",
        "repositoryURL": "https://github.com/johnsundell/codextended.git",
        "state": {
          "branch": null,
          "revision": "8d7c46dfc9c55240870cf5561d6cefa41e3d7105",
          "version": "0.3.0"
        }
      },
      {
        "package": "CollectionConcurrencyKit",
        "repositoryURL": "https://github.com/johnsundell/collectionConcurrencyKit.git",
        "state": {
          "branch": null,
          "revision": "b4f23e24b5a1bff301efc5e70871083ca029ff95",
          "version": "0.2.0"
        }
      },
      {
        "package": "CommonMark",
        "repositoryURL": "https://github.com/pvzig/CommonMark",
        "state": {
          "branch": "main",
          "revision": "b141cad2ec23b9e7b3dd10c04c9205f7ea16dc70",
          "version": null
        }
      },
      {
        "package": "Files",
        "repositoryURL": "https://github.com/johnsundell/files.git",
        "state": {
          "branch": null,
          "revision": "d273b5b7025d386feef79ef6bad7de762e106eaf",
          "version": "4.2.0"
        }
      },
      {
        "package": "Ink",
        "repositoryURL": "https://github.com/johnsundell/ink.git",
        "state": {
          "branch": null,
          "revision": "bcc9f219900a62c4210e6db726035d7f03ae757b",
          "version": "0.6.0"
        }
      },
      {
        "package": "Plot",
        "repositoryURL": "https://github.com/johnsundell/plot.git",
        "state": {
          "branch": null,
          "revision": "271926b4413fe868739d99f5eadcf2bd6cd62fb8",
          "version": "0.14.0"
        }
      },
      {
        "package": "Publish",
        "repositoryURL": "https://github.com/pvzig/Publish",
        "state": {
          "branch": "master",
          "revision": "cd8ab621ee103a97bacafb27dfd4f41aeec89eff",
          "version": null
        }
      },
      {
        "package": "ShellOut",
        "repositoryURL": "https://github.com/johnsundell/shellout.git",
        "state": {
          "branch": null,
          "revision": "e1577acf2b6e90086d01a6d5e2b8efdaae033568",
          "version": "2.3.0"
        }
      },
      {
        "package": "Splash",
        "repositoryURL": "https://github.com/johnsundell/Splash.git",
        "state": {
          "branch": null,
          "revision": "7f4df436eb78fe64fe2c32c58006e9949fa28ad8",
          "version": "0.16.0"
        }
      },
      {
        "package": "Sweep",
        "repositoryURL": "https://github.com/johnsundell/sweep.git",
        "state": {
          "branch": null,
          "revision": "801c2878e4c6c5baf32fe132e1f3f3af6f9fd1b0",
          "version": "0.4.0"
        }
      },
      {
        "package": "cmark",
        "repositoryURL": "https://github.com/SwiftDocOrg/swift-cmark.git",
        "state": {
          "branch": null,
          "revision": "9c8096a23f44794bde297452d87c455fc4f76d42",
          "version": "0.29.0+20210102.9c8096a"
        }
      }
    ]
  },
  "version": 1
}
